
Microsoft Visual Studio Solution File, Format Version 12.00
# Visual Studio 15
VisualStudioVersion = 15.0.27703.2000
MinimumVisualStudioVersion = 10.0.40219.1
Project("{FAE04EC0-301F-11D3-BF4B-00C04F79EFBC}") = "InternetBanking.Android", "InternetBanking\InternetBanking.Android\InternetBanking.Android.csproj", "{45BEE502-DE5E-468B-B21E-1BEC33A77878}"
EndProject
Project("{FAE04EC0-301F-11D3-BF4B-00C04F79EFBC}") = "InternetBanking.iOS", "InternetBanking\InternetBanking.iOS\InternetBanking.iOS.csproj", "{FFC11BCE-7D8F-44B1-BF38-0DB7BD085276}"
EndProject
Project("{FAE04EC0-301F-11D3-BF4B-00C04F79EFBC}") = "InternetBanking.UWP", "InternetBanking\InternetBanking.UWP\InternetBanking.UWP.csproj", "{52E0CCE4-5A0A-4417-A33D-D155862DE25D}"
EndProject
Project("{D954291E-2A0B-460D-934E-DC6B0785DB48}") = "InternetBanking", "InternetBanking\InternetBanking\InternetBanking.shproj", "{FB553BA8-C2DA-411A-91AC-E2C6C24F1859}"
EndProject
Global
	GlobalSection(SharedMSBuildProjectFiles) = preSolution
		InternetBanking\InternetBanking\InternetBanking.projitems*{45bee502-de5e-468b-b21e-1bec33a77878}*SharedItemsImports = 4
		InternetBanking\InternetBanking\InternetBanking.projitems*{52e0cce4-5a0a-4417-a33d-d155862de25d}*SharedItemsImports = 4
		InternetBanking\InternetBanking\InternetBanking.projitems*{fb553ba8-c2da-411a-91ac-e2c6c24f1859}*SharedItemsImports = 13
		InternetBanking\InternetBanking\InternetBanking.projitems*{ffc11bce-7d8f-44b1-bf38-0db7bd085276}*SharedItemsImports = 4
	EndGlobalSection
	GlobalSection(SolutionConfigurationPlatforms) = preSolution
		Ad-Hoc|Any CPU = Ad-Hoc|Any CPU
		Ad-Hoc|ARM = Ad-Hoc|ARM
		Ad-Hoc|iPhone = Ad-Hoc|iPhone
		Ad-Hoc|iPhoneSimulator = Ad-Hoc|iPhoneSimulator
		Ad-Hoc|x64 = Ad-Hoc|x64
		Ad-Hoc|x86 = Ad-Hoc|x86
		AppStore|Any CPU = AppStore|Any CPU
		AppStore|ARM = AppStore|ARM
		AppStore|iPhone = AppStore|iPhone
		AppStore|iPhoneSimulator = AppStore|iPhoneSimulator
		AppStore|x64 = AppStore|x64
		AppStore|x86 = AppStore|x86
		Debug|Any CPU = Debug|Any CPU
		Debug|ARM = Debug|ARM
		Debug|iPhone = Debug|iPhone
		Debug|iPhoneSimulator = Debug|iPhoneSimulator
		Debug|x64 = Debug|x64
		Debug|x86 = Debug|x86
		Release|Any CPU = Release|Any CPU
		Release|ARM = Release|ARM
		Release|iPhone = Release|iPhone
		Release|iPhoneSimulator = Release|iPhoneSimulator
		Release|x64 = Release|x64
		Release|x86 = Release|x86
	EndGlobalSection
	GlobalSection(ProjectConfigurationPlatforms) = postSolution
		{45BEE502-DE5E-468B-B21E-1BEC33A77878}.Ad-Hoc|Any CPU.ActiveCfg = Release|Any CPU
		{45BEE502-DE5E-468B-B21E-1BEC33A77878}.Ad-Hoc|Any CPU.Build.0 = Release|Any CPU
		{45BEE502-DE5E-468B-B21E-1BEC33A77878}.Ad-Hoc|Any CPU.Deploy.0 = Release|Any CPU
		{45BEE502-DE5E-468B-B21E-1BEC33A77878}.Ad-Hoc|ARM.ActiveCfg = Release|Any CPU
		{45BEE502-DE5E-468B-B21E-1BEC33A77878}.Ad-Hoc|ARM.Build.0 = Release|Any CPU
		{45BEE502-DE5E-468B-B21E-1BEC33A77878}.Ad-Hoc|ARM.Deploy.0 = Release|Any CPU
		{45BEE502-DE5E-468B-B21E-1BEC33A77878}.Ad-Hoc|iPhone.ActiveCfg = Release|Any CPU
		{45BEE502-DE5E-468B-B21E-1BEC33A77878}.Ad-Hoc|iPhone.Build.0 = Release|Any CPU
		{45BEE502-DE5E-468B-B21E-1BEC33A77878}.Ad-Hoc|iPhone.Deploy.0 = Release|Any CPU
		{45BEE502-DE5E-468B-B21E-1BEC33A77878}.Ad-Hoc|iPhoneSimulator.ActiveCfg = Release|Any CPU
		{45BEE502-DE5E-468B-B21E-1BEC33A77878}.Ad-Hoc|iPhoneSimulator.Build.0 = Release|Any CPU
		{45BEE502-DE5E-468B-B21E-1BEC33A77878}.Ad-Hoc|iPhoneSimulator.Deploy.0 = Release|Any CPU
		{45BEE502-DE5E-468B-B21E-1BEC33A77878}.Ad-Hoc|x64.ActiveCfg = Release|Any CPU
		{45BEE502-DE5E-468B-B21E-1BEC33A77878}.Ad-Hoc|x64.Build.0 = Release|Any CPU
		{45BEE502-DE5E-468B-B21E-1BEC33A77878}.Ad-Hoc|x64.Deploy.0 = Release|Any CPU
		{45BEE502-DE5E-468B-B21E-1BEC33A77878}.Ad-Hoc|x86.ActiveCfg = Release|Any CPU
		{45BEE502-DE5E-468B-B21E-1BEC33A77878}.Ad-Hoc|x86.Build.0 = Release|Any CPU
		{45BEE502-DE5E-468B-B21E-1BEC33A77878}.Ad-Hoc|x86.Deploy.0 = Release|Any CPU
		{45BEE502-DE5E-468B-B21E-1BEC33A77878}.AppStore|Any CPU.ActiveCfg = Release|Any CPU
		{45BEE502-DE5E-468B-B21E-1BEC33A77878}.AppStore|Any CPU.Build.0 = Release|Any CPU
		{45BEE502-DE5E-468B-B21E-1BEC33A77878}.AppStore|Any CPU.Deploy.0 = Release|Any CPU
		{45BEE502-DE5E-468B-B21E-1BEC33A77878}.AppStore|ARM.ActiveCfg = Release|Any CPU
		{45BEE502-DE5E-468B-B21E-1BEC33A77878}.AppStore|ARM.Build.0 = Release|Any CPU
		{45BEE502-DE5E-468B-B21E-1BEC33A77878}.AppStore|ARM.Deploy.0 = Release|Any CPU
		{45BEE502-DE5E-468B-B21E-1BEC33A77878}.AppStore|iPhone.ActiveCfg = Release|Any CPU
		{45BEE502-DE5E-468B-B21E-1BEC33A77878}.AppStore|iPhone.Build.0 = Release|Any CPU
		{45BEE502-DE5E-468B-B21E-1BEC33A77878}.AppStore|iPhone.Deploy.0 = Release|Any CPU
		{45BEE502-DE5E-468B-B21E-1BEC33A77878}.AppStore|iPhoneSimulator.ActiveCfg = Release|Any CPU
		{45BEE502-DE5E-468B-B21E-1BEC33A77878}.AppStore|iPhoneSimulator.Build.0 = Release|Any CPU
		{45BEE502-DE5E-468B-B21E-1BEC33A77878}.AppStore|iPhoneSimulator.Deploy.0 = Release|Any CPU
		{45BEE502-DE5E-468B-B21E-1BEC33A77878}.AppStore|x64.ActiveCfg = Release|Any CPU
		{45BEE502-DE5E-468B-B21E-1BEC33A77878}.AppStore|x64.Build.0 = Release|Any CPU
		{45BEE502-DE5E-468B-B21E-1BEC33A77878}.AppStore|x64.Deploy.0 = Release|Any CPU
		{45BEE502-DE5E-468B-B21E-1BEC33A77878}.AppStore|x86.ActiveCfg = Release|Any CPU
		{45BEE502-DE5E-468B-B21E-1BEC33A77878}.AppStore|x86.Build.0 = Release|Any CPU
		{45BEE502-DE5E-468B-B21E-1BEC33A77878}.AppStore|x86.Deploy.0 = Release|Any CPU
		{45BEE502-DE5E-468B-B21E-1BEC33A77878}.Debug|Any CPU.ActiveCfg = Debug|Any CPU
		{45BEE502-DE5E-468B-B21E-1BEC33A77878}.Debug|Any CPU.Build.0 = Debug|Any CPU
		{45BEE502-DE5E-468B-B21E-1BEC33A77878}.Debug|Any CPU.Deploy.0 = Debug|Any CPU
		{45BEE502-DE5E-468B-B21E-1BEC33A77878}.Debug|ARM.ActiveCfg = Debug|Any CPU
		{45BEE502-DE5E-468B-B21E-1BEC33A77878}.Debug|ARM.Build.0 = Debug|Any CPU
		{45BEE502-DE5E-468B-B21E-1BEC33A77878}.Debug|ARM.Deploy.0 = Debug|Any CPU
		{45BEE502-DE5E-468B-B21E-1BEC33A77878}.Debug|iPhone.ActiveCfg = Debug|Any CPU
		{45BEE502-DE5E-468B-B21E-1BEC33A77878}.Debug|iPhone.Build.0 = Debug|Any CPU
		{45BEE502-DE5E-468B-B21E-1BEC33A77878}.Debug|iPhone.Deploy.0 = Debug|Any CPU
		{45BEE502-DE5E-468B-B21E-1BEC33A77878}.Debug|iPhoneSimulator.ActiveCfg = Debug|Any CPU
		{45BEE502-DE5E-468B-B21E-1BEC33A77878}.Debug|iPhoneSimulator.Build.0 = Debug|Any CPU
		{45BEE502-DE5E-468B-B21E-1BEC33A77878}.Debug|iPhoneSimulator.Deploy.0 = Debug|Any CPU
		{45BEE502-DE5E-468B-B21E-1BEC33A77878}.Debug|x64.ActiveCfg = Debug|Any CPU
		{45BEE502-DE5E-468B-B21E-1BEC33A77878}.Debug|x64.Build.0 = Debug|Any CPU
		{45BEE502-DE5E-468B-B21E-1BEC33A77878}.Debug|x64.Deploy.0 = Debug|Any CPU
		{45BEE502-DE5E-468B-B21E-1BEC33A77878}.Debug|x86.ActiveCfg = Debug|Any CPU
		{45BEE502-DE5E-468B-B21E-1BEC33A77878}.Debug|x86.Build.0 = Debug|Any CPU
		{45BEE502-DE5E-468B-B21E-1BEC33A77878}.Debug|x86.Deploy.0 = Debug|Any CPU
		{45BEE502-DE5E-468B-B21E-1BEC33A77878}.Release|Any CPU.ActiveCfg = Release|Any CPU
		{45BEE502-DE5E-468B-B21E-1BEC33A77878}.Release|Any CPU.Build.0 = Release|Any CPU
		{45BEE502-DE5E-468B-B21E-1BEC33A77878}.Release|Any CPU.Deploy.0 = Release|Any CPU
		{45BEE502-DE5E-468B-B21E-1BEC33A77878}.Release|ARM.ActiveCfg = Release|Any CPU
		{45BEE502-DE5E-468B-B21E-1BEC33A77878}.Release|ARM.Build.0 = Release|Any CPU
		{45BEE502-DE5E-468B-B21E-1BEC33A77878}.Release|ARM.Deploy.0 = Release|Any CPU
		{45BEE502-DE5E-468B-B21E-1BEC33A77878}.Release|iPhone.ActiveCfg = Release|Any CPU
		{45BEE502-DE5E-468B-B21E-1BEC33A77878}.Release|iPhone.Build.0 = Release|Any CPU
		{45BEE502-DE5E-468B-B21E-1BEC33A77878}.Release|iPhone.Deploy.0 = Release|Any CPU
		{45BEE502-DE5E-468B-B21E-1BEC33A77878}.Release|iPhoneSimulator.ActiveCfg = Release|Any CPU
		{45BEE502-DE5E-468B-B21E-1BEC33A77878}.Release|iPhoneSimulator.Build.0 = Release|Any CPU
		{45BEE502-DE5E-468B-B21E-1BEC33A77878}.Release|iPhoneSimulator.Deploy.0 = Release|Any CPU
		{45BEE502-DE5E-468B-B21E-1BEC33A77878}.Release|x64.ActiveCfg = Release|Any CPU
		{45BEE502-DE5E-468B-B21E-1BEC33A77878}.Release|x64.Build.0 = Release|Any CPU
		{45BEE502-DE5E-468B-B21E-1BEC33A77878}.Release|x64.Deploy.0 = Release|Any CPU
		{45BEE502-DE5E-468B-B21E-1BEC33A77878}.Release|x86.ActiveCfg = Release|Any CPU
		{45BEE502-DE5E-468B-B21E-1BEC33A77878}.Release|x86.Build.0 = Release|Any CPU
		{45BEE502-DE5E-468B-B21E-1BEC33A77878}.Release|x86.Deploy.0 = Release|Any CPU
		{FFC11BCE-7D8F-44B1-BF38-0DB7BD085276}.Ad-Hoc|Any CPU.ActiveCfg = Ad-Hoc|iPhone
		{FFC11BCE-7D8F-44B1-BF38-0DB7BD085276}.Ad-Hoc|Any CPU.Build.0 = Ad-Hoc|iPhone
		{FFC11BCE-7D8F-44B1-BF38-0DB7BD085276}.Ad-Hoc|Any CPU.Deploy.0 = Ad-Hoc|iPhone
		{FFC11BCE-7D8F-44B1-BF38-0DB7BD085276}.Ad-Hoc|ARM.ActiveCfg = Ad-Hoc|iPhone
		{FFC11BCE-7D8F-44B1-BF38-0DB7BD085276}.Ad-Hoc|ARM.Build.0 = Ad-Hoc|iPhone
		{FFC11BCE-7D8F-44B1-BF38-0DB7BD085276}.Ad-Hoc|ARM.Deploy.0 = Ad-Hoc|iPhone
		{FFC11BCE-7D8F-44B1-BF38-0DB7BD085276}.Ad-Hoc|iPhone.ActiveCfg = Ad-Hoc|iPhone
		{FFC11BCE-7D8F-44B1-BF38-0DB7BD085276}.Ad-Hoc|iPhone.Build.0 = Ad-Hoc|iPhone
		{FFC11BCE-7D8F-44B1-BF38-0DB7BD085276}.Ad-Hoc|iPhone.Deploy.0 = Ad-Hoc|iPhone
		{FFC11BCE-7D8F-44B1-BF38-0DB7BD085276}.Ad-Hoc|iPhoneSimulator.ActiveCfg = Ad-Hoc|iPhoneSimulator
		{FFC11BCE-7D8F-44B1-BF38-0DB7BD085276}.Ad-Hoc|iPhoneSimulator.Build.0 = Ad-Hoc|iPhoneSimulator
		{FFC11BCE-7D8F-44B1-BF38-0DB7BD085276}.Ad-Hoc|iPhoneSimulator.Deploy.0 = Ad-Hoc|iPhoneSimulator
		{FFC11BCE-7D8F-44B1-BF38-0DB7BD085276}.Ad-Hoc|x64.ActiveCfg = Ad-Hoc|iPhone
		{FFC11BCE-7D8F-44B1-BF38-0DB7BD085276}.Ad-Hoc|x64.Build.0 = Ad-Hoc|iPhone
		{FFC11BCE-7D8F-44B1-BF38-0DB7BD085276}.Ad-Hoc|x64.Deploy.0 = Ad-Hoc|iPhone
		{FFC11BCE-7D8F-44B1-BF38-0DB7BD085276}.Ad-Hoc|x86.ActiveCfg = Ad-Hoc|iPhone
		{FFC11BCE-7D8F-44B1-BF38-0DB7BD085276}.Ad-Hoc|x86.Build.0 = Ad-Hoc|iPhone
		{FFC11BCE-7D8F-44B1-BF38-0DB7BD085276}.Ad-Hoc|x86.Deploy.0 = Ad-Hoc|iPhone
		{FFC11BCE-7D8F-44B1-BF38-0DB7BD085276}.AppStore|Any CPU.ActiveCfg = AppStore|iPhone
		{FFC11BCE-7D8F-44B1-BF38-0DB7BD085276}.AppStore|Any CPU.Build.0 = AppStore|iPhone
		{FFC11BCE-7D8F-44B1-BF38-0DB7BD085276}.AppStore|Any CPU.Deploy.0 = AppStore|iPhone
		{FFC11BCE-7D8F-44B1-BF38-0DB7BD085276}.AppStore|ARM.ActiveCfg = AppStore|iPhone
		{FFC11BCE-7D8F-44B1-BF38-0DB7BD085276}.AppStore|ARM.Build.0 = AppStore|iPhone
		{FFC11BCE-7D8F-44B1-BF38-0DB7BD085276}.AppStore|ARM.Deploy.0 = AppStore|iPhone
		{FFC11BCE-7D8F-44B1-BF38-0DB7BD085276}.AppStore|iPhone.ActiveCfg = AppStore|iPhone
		{FFC11BCE-7D8F-44B1-BF38-0DB7BD085276}.AppStore|iPhone.Build.0 = AppStore|iPhone
		{FFC11BCE-7D8F-44B1-BF38-0DB7BD085276}.AppStore|iPhone.Deploy.0 = AppStore|iPhone
		{FFC11BCE-7D8F-44B1-BF38-0DB7BD085276}.AppStore|iPhoneSimulator.ActiveCfg = AppStore|iPhoneSimulator
		{FFC11BCE-7D8F-44B1-BF38-0DB7BD085276}.AppStore|iPhoneSimulator.Build.0 = AppStore|iPhoneSimulator
		{FFC11BCE-7D8F-44B1-BF38-0DB7BD085276}.AppStore|iPhoneSimulator.Deploy.0 = AppStore|iPhoneSimulator
		{FFC11BCE-7D8F-44B1-BF38-0DB7BD085276}.AppStore|x64.ActiveCfg = AppStore|iPhone
		{FFC11BCE-7D8F-44B1-BF38-0DB7BD085276}.AppStore|x64.Build.0 = AppStore|iPhone
		{FFC11BCE-7D8F-44B1-BF38-0DB7BD085276}.AppStore|x64.Deploy.0 = AppStore|iPhone
		{FFC11BCE-7D8F-44B1-BF38-0DB7BD085276}.AppStore|x86.ActiveCfg = AppStore|iPhone
		{FFC11BCE-7D8F-44B1-BF38-0DB7BD085276}.AppStore|x86.Build.0 = AppStore|iPhone
		{FFC11BCE-7D8F-44B1-BF38-0DB7BD085276}.AppStore|x86.Deploy.0 = AppStore|iPhone
		{FFC11BCE-7D8F-44B1-BF38-0DB7BD085276}.Debug|Any CPU.ActiveCfg = Debug|iPhoneSimulator
		{FFC11BCE-7D8F-44B1-BF38-0DB7BD085276}.Debug|Any CPU.Build.0 = Debug|iPhoneSimulator
		{FFC11BCE-7D8F-44B1-BF38-0DB7BD085276}.Debug|Any CPU.Deploy.0 = Debug|iPhoneSimulator
		{FFC11BCE-7D8F-44B1-BF38-0DB7BD085276}.Debug|ARM.ActiveCfg = Debug|iPhone
		{FFC11BCE-7D8F-44B1-BF38-0DB7BD085276}.Debug|ARM.Build.0 = Debug|iPhone
		{FFC11BCE-7D8F-44B1-BF38-0DB7BD085276}.Debug|ARM.Deploy.0 = Debug|iPhone
		{FFC11BCE-7D8F-44B1-BF38-0DB7BD085276}.Debug|iPhone.ActiveCfg = Debug|iPhone
		{FFC11BCE-7D8F-44B1-BF38-0DB7BD085276}.Debug|iPhone.Build.0 = Debug|iPhone
		{FFC11BCE-7D8F-44B1-BF38-0DB7BD085276}.Debug|iPhone.Deploy.0 = Debug|iPhone
		{FFC11BCE-7D8F-44B1-BF38-0DB7BD085276}.Debug|iPhoneSimulator.ActiveCfg = Debug|iPhoneSimulator
		{FFC11BCE-7D8F-44B1-BF38-0DB7BD085276}.Debug|iPhoneSimulator.Build.0 = Debug|iPhoneSimulator
		{FFC11BCE-7D8F-44B1-BF38-0DB7BD085276}.Debug|iPhoneSimulator.Deploy.0 = Debug|iPhoneSimulator
		{FFC11BCE-7D8F-44B1-BF38-0DB7BD085276}.Debug|x64.ActiveCfg = Debug|iPhone
		{FFC11BCE-7D8F-44B1-BF38-0DB7BD085276}.Debug|x64.Build.0 = Debug|iPhone
		{FFC11BCE-7D8F-44B1-BF38-0DB7BD085276}.Debug|x64.Deploy.0 = Debug|iPhone
		{FFC11BCE-7D8F-44B1-BF38-0DB7BD085276}.Debug|x86.ActiveCfg = Debug|iPhone
		{FFC11BCE-7D8F-44B1-BF38-0DB7BD085276}.Debug|x86.Build.0 = Debug|iPhone
		{FFC11BCE-7D8F-44B1-BF38-0DB7BD085276}.Debug|x86.Deploy.0 = Debug|iPhone
		{FFC11BCE-7D8F-44B1-BF38-0DB7BD085276}.Release|Any CPU.ActiveCfg = Release|iPhone
		{FFC11BCE-7D8F-44B1-BF38-0DB7BD085276}.Release|Any CPU.Build.0 = Release|iPhone
		{FFC11BCE-7D8F-44B1-BF38-0DB7BD085276}.Release|Any CPU.Deploy.0 = Release|iPhone
		{FFC11BCE-7D8F-44B1-BF38-0DB7BD085276}.Release|ARM.ActiveCfg = Release|iPhone
		{FFC11BCE-7D8F-44B1-BF38-0DB7BD085276}.Release|ARM.Build.0 = Release|iPhone
		{FFC11BCE-7D8F-44B1-BF38-0DB7BD085276}.Release|ARM.Deploy.0 = Release|iPhone
		{FFC11BCE-7D8F-44B1-BF38-0DB7BD085276}.Release|iPhone.ActiveCfg = Release|iPhone
		{FFC11BCE-7D8F-44B1-BF38-0DB7BD085276}.Release|iPhone.Build.0 = Release|iPhone
		{FFC11BCE-7D8F-44B1-BF38-0DB7BD085276}.Release|iPhone.Deploy.0 = Release|iPhone
		{FFC11BCE-7D8F-44B1-BF38-0DB7BD085276}.Release|iPhoneSimulator.ActiveCfg = Release|iPhoneSimulator
		{FFC11BCE-7D8F-44B1-BF38-0DB7BD085276}.Release|iPhoneSimulator.Build.0 = Release|iPhoneSimulator
		{FFC11BCE-7D8F-44B1-BF38-0DB7BD085276}.Release|iPhoneSimulator.Deploy.0 = Release|iPhoneSimulator
		{FFC11BCE-7D8F-44B1-BF38-0DB7BD085276}.Release|x64.ActiveCfg = Release|iPhone
		{FFC11BCE-7D8F-44B1-BF38-0DB7BD085276}.Release|x64.Build.0 = Release|iPhone
		{FFC11BCE-7D8F-44B1-BF38-0DB7BD085276}.Release|x64.Deploy.0 = Release|iPhone
		{FFC11BCE-7D8F-44B1-BF38-0DB7BD085276}.Release|x86.ActiveCfg = Release|iPhone
		{FFC11BCE-7D8F-44B1-BF38-0DB7BD085276}.Release|x86.Build.0 = Release|iPhone
		{FFC11BCE-7D8F-44B1-BF38-0DB7BD085276}.Release|x86.Deploy.0 = Release|iPhone
		{52E0CCE4-5A0A-4417-A33D-D155862DE25D}.Ad-Hoc|Any CPU.ActiveCfg = Release|x86
		{52E0CCE4-5A0A-4417-A33D-D155862DE25D}.Ad-Hoc|Any CPU.Build.0 = Release|x86
		{52E0CCE4-5A0A-4417-A33D-D155862DE25D}.Ad-Hoc|Any CPU.Deploy.0 = Release|x86
		{52E0CCE4-5A0A-4417-A33D-D155862DE25D}.Ad-Hoc|ARM.ActiveCfg = Release|ARM
		{52E0CCE4-5A0A-4417-A33D-D155862DE25D}.Ad-Hoc|ARM.Build.0 = Release|ARM
		{52E0CCE4-5A0A-4417-A33D-D155862DE25D}.Ad-Hoc|ARM.Deploy.0 = Release|ARM
		{52E0CCE4-5A0A-4417-A33D-D155862DE25D}.Ad-Hoc|iPhone.ActiveCfg = Release|x86
		{52E0CCE4-5A0A-4417-A33D-D155862DE25D}.Ad-Hoc|iPhone.Build.0 = Release|x86
		{52E0CCE4-5A0A-4417-A33D-D155862DE25D}.Ad-Hoc|iPhone.Deploy.0 = Release|x86
		{52E0CCE4-5A0A-4417-A33D-D155862DE25D}.Ad-Hoc|iPhoneSimulator.ActiveCfg = Release|x86
		{52E0CCE4-5A0A-4417-A33D-D155862DE25D}.Ad-Hoc|iPhoneSimulator.Build.0 = Release|x86
		{52E0CCE4-5A0A-4417-A33D-D155862DE25D}.Ad-Hoc|iPhoneSimulator.Deploy.0 = Release|x86
		{52E0CCE4-5A0A-4417-A33D-D155862DE25D}.Ad-Hoc|x64.ActiveCfg = Release|x64
		{52E0CCE4-5A0A-4417-A33D-D155862DE25D}.Ad-Hoc|x64.Build.0 = Release|x64
		{52E0CCE4-5A0A-4417-A33D-D155862DE25D}.Ad-Hoc|x64.Deploy.0 = Release|x64
		{52E0CCE4-5A0A-4417-A33D-D155862DE25D}.Ad-Hoc|x86.ActiveCfg = Release|x86
		{52E0CCE4-5A0A-4417-A33D-D155862DE25D}.Ad-Hoc|x86.Build.0 = Release|x86
		{52E0CCE4-5A0A-4417-A33D-D155862DE25D}.Ad-Hoc|x86.Deploy.0 = Release|x86
		{52E0CCE4-5A0A-4417-A33D-D155862DE25D}.AppStore|Any CPU.ActiveCfg = Release|x86
		{52E0CCE4-5A0A-4417-A33D-D155862DE25D}.AppStore|Any CPU.Build.0 = Release|x86
		{52E0CCE4-5A0A-4417-A33D-D155862DE25D}.AppStore|Any CPU.Deploy.0 = Release|x86
		{52E0CCE4-5A0A-4417-A33D-D155862DE25D}.AppStore|ARM.ActiveCfg = Release|ARM
		{52E0CCE4-5A0A-4417-A33D-D155862DE25D}.AppStore|ARM.Build.0 = Release|ARM
		{52E0CCE4-5A0A-4417-A33D-D155862DE25D}.AppStore|ARM.Deploy.0 = Release|ARM
		{52E0CCE4-5A0A-4417-A33D-D155862DE25D}.AppStore|iPhone.ActiveCfg = Release|x86
		{52E0CCE4-5A0A-4417-A33D-D155862DE25D}.AppStore|iPhone.Build.0 = Release|x86
		{52E0CCE4-5A0A-4417-A33D-D155862DE25D}.AppStore|iPhone.Deploy.0 = Release|x86
		{52E0CCE4-5A0A-4417-A33D-D155862DE25D}.AppStore|iPhoneSimulator.ActiveCfg = Release|x86
		{52E0CCE4-5A0A-4417-A33D-D155862DE25D}.AppStore|iPhoneSimulator.Build.0 = Release|x86
		{52E0CCE4-5A0A-4417-A33D-D155862DE25D}.AppStore|iPhoneSimulator.Deploy.0 = Release|x86
		{52E0CCE4-5A0A-4417-A33D-D155862DE25D}.AppStore|x64.ActiveCfg = Release|x64
		{52E0CCE4-5A0A-4417-A33D-D155862DE25D}.AppStore|x64.Build.0 = Release|x64
		{52E0CCE4-5A0A-4417-A33D-D155862DE25D}.AppStore|x64.Deploy.0 = Release|x64
		{52E0CCE4-5A0A-4417-A33D-D155862DE25D}.AppStore|x86.ActiveCfg = Release|x86
		{52E0CCE4-5A0A-4417-A33D-D155862DE25D}.AppStore|x86.Build.0 = Release|x86
		{52E0CCE4-5A0A-4417-A33D-D155862DE25D}.AppStore|x86.Deploy.0 = Release|x86
		{52E0CCE4-5A0A-4417-A33D-D155862DE25D}.Debug|Any CPU.ActiveCfg = Debug|x86
		{52E0CCE4-5A0A-4417-A33D-D155862DE25D}.Debug|Any CPU.Build.0 = Debug|x86
		{52E0CCE4-5A0A-4417-A33D-D155862DE25D}.Debug|Any CPU.Deploy.0 = Debug|x86
		{52E0CCE4-5A0A-4417-A33D-D155862DE25D}.Debug|ARM.ActiveCfg = Debug|ARM
		{52E0CCE4-5A0A-4417-A33D-D155862DE25D}.Debug|ARM.Build.0 = Debug|ARM
		{52E0CCE4-5A0A-4417-A33D-D155862DE25D}.Debug|ARM.Deploy.0 = Debug|ARM
		{52E0CCE4-5A0A-4417-A33D-D155862DE25D}.Debug|iPhone.ActiveCfg = Debug|x86
		{52E0CCE4-5A0A-4417-A33D-D155862DE25D}.Debug|iPhone.Build.0 = Debug|x86
		{52E0CCE4-5A0A-4417-A33D-D155862DE25D}.Debug|iPhone.Deploy.0 = Debug|x86
		{52E0CCE4-5A0A-4417-A33D-D155862DE25D}.Debug|iPhoneSimulator.ActiveCfg = Debug|x86
		{52E0CCE4-5A0A-4417-A33D-D155862DE25D}.Debug|iPhoneSimulator.Build.0 = Debug|x86
		{52E0CCE4-5A0A-4417-A33D-D155862DE25D}.Debug|iPhoneSimulator.Deploy.0 = Debug|x86
		{52E0CCE4-5A0A-4417-A33D-D155862DE25D}.Debug|x64.ActiveCfg = Debug|x64
		{52E0CCE4-5A0A-4417-A33D-D155862DE25D}.Debug|x64.Build.0 = Debug|x64
		{52E0CCE4-5A0A-4417-A33D-D155862DE25D}.Debug|x64.Deploy.0 = Debug|x64
		{52E0CCE4-5A0A-4417-A33D-D155862DE25D}.Debug|x86.ActiveCfg = Debug|x86
		{52E0CCE4-5A0A-4417-A33D-D155862DE25D}.Debug|x86.Build.0 = Debug|x86
		{52E0CCE4-5A0A-4417-A33D-D155862DE25D}.Debug|x86.Deploy.0 = Debug|x86
		{52E0CCE4-5A0A-4417-A33D-D155862DE25D}.Release|Any CPU.ActiveCfg = Release|x86
		{52E0CCE4-5A0A-4417-A33D-D155862DE25D}.Release|Any CPU.Build.0 = Release|x86
		{52E0CCE4-5A0A-4417-A33D-D155862DE25D}.Release|Any CPU.Deploy.0 = Release|x86
		{52E0CCE4-5A0A-4417-A33D-D155862DE25D}.Release|ARM.ActiveCfg = Release|ARM
		{52E0CCE4-5A0A-4417-A33D-D155862DE25D}.Release|ARM.Build.0 = Release|ARM
		{52E0CCE4-5A0A-4417-A33D-D155862DE25D}.Release|ARM.Deploy.0 = Release|ARM
		{52E0CCE4-5A0A-4417-A33D-D155862DE25D}.Release|iPhone.ActiveCfg = Release|x86
		{52E0CCE4-5A0A-4417-A33D-D155862DE25D}.Release|iPhone.Build.0 = Release|x86
		{52E0CCE4-5A0A-4417-A33D-D155862DE25D}.Release|iPhone.Deploy.0 = Release|x86
		{52E0CCE4-5A0A-4417-A33D-D155862DE25D}.Release|iPhoneSimulator.ActiveCfg = Release|x86
		{52E0CCE4-5A0A-4417-A33D-D155862DE25D}.Release|iPhoneSimulator.Build.0 = Release|x86
		{52E0CCE4-5A0A-4417-A33D-D155862DE25D}.Release|iPhoneSimulator.Deploy.0 = Release|x86
		{52E0CCE4-5A0A-4417-A33D-D155862DE25D}.Release|x64.ActiveCfg = Release|x64
		{52E0CCE4-5A0A-4417-A33D-D155862DE25D}.Release|x64.Build.0 = Release|x64
		{52E0CCE4-5A0A-4417-A33D-D155862DE25D}.Release|x64.Deploy.0 = Release|x64
		{52E0CCE4-5A0A-4417-A33D-D155862DE25D}.Release|x86.ActiveCfg = Release|x86
		{52E0CCE4-5A0A-4417-A33D-D155862DE25D}.Release|x86.Build.0 = Release|x86
		{52E0CCE4-5A0A-4417-A33D-D155862DE25D}.Release|x86.Deploy.0 = Release|x86
	EndGlobalSection
	GlobalSection(SolutionProperties) = preSolution
		HideSolutionNode = FALSE
	EndGlobalSection
	GlobalSection(ExtensibilityGlobals) = postSolution
		SolutionGuid = {39A58B72-02E9-416D-92FE-A1BD4374F907}
	EndGlobalSection
EndGlobal
